<?xml version="1.0" encoding="utf-8"?>
<Project ToolsVersion="4.0" xmlns="http://schemas.microsoft.com/developer/msbuild/2003">
  <ItemGroup>
    <Filter Include="Source Files">
      <UniqueIdentifier>{4FC737F1-C7A5-4376-A066-2A32D752A2FF}</UniqueIdentifier>
      <Extensions>cpp;c;cc;cxx;def;odl;idl;hpj;bat;asm;asmx</Extensions>
    </Filter>
    <Filter Include="Header Files">
      <UniqueIdentifier>{93995380-89BD-4b04-88EB-625FBE52EBFB}</UniqueIdentifier>
      <Extensions>h;hpp;hxx;hm;inl;inc;xsd</Extensions>
    </Filter>
    <Filter Include="Resource Files">
      <UniqueIdentifier>{67DA6AB6-F800-4c08-8B7A-83BB121AAD01}</UniqueIdentifier>
      <Extensions>rc;ico;cur;bmp;dlg;rc2;rct;bin;rgs;gif;jpg;jpeg;jpe;resx;tiff;tif;png;wav</Extensions>
    </Filter>
  </ItemGroup>
  <ItemGroup>
    <ClCompile Include="..\APhysXNxCharacter\src\BoxController.cpp">
      <Filter>Source Files</Filter>
    </ClCompile>
    <ClCompile Include="..\APhysXNxCharacter\src\CapsuleController.cpp">
      <Filter>Source Files</Filter>
    </ClCompile>
    <ClCompile Include="..\APhysXNxCharacter\src\CCTDebugRenderer.cpp">
      <Filter>Source Files</Filter>
    </ClCompile>
    <ClCompile Include="..\APhysXNxCharacter\src\CharacterController.cpp">
      <Filter>Source Files</Filter>
    </ClCompile>
    <ClCompile Include="..\APhysXNxCharacter\src\CharacterControllerCallbacks.cpp">
      <Filter>Source Files</Filter>
    </ClCompile>
    <ClCompile Include="..\APhysXNxCharacter\src\CharacterControllerManager.cpp">
      <Filter>Source Files</Filter>
    </ClCompile>
    <ClCompile Include="..\APhysXNxCharacter\src\Controller.cpp">
      <Filter>Source Files</Filter>
    </ClCompile>
    <ClCompile Include="..\APhysXNxCharacter\src\NxCharacter.cpp">
      <Filter>Source Files</Filter>
    </ClCompile>
    <ClCompile Include="..\APhysXNxCharacter\src\SweptBox.cpp">
      <Filter>Source Files</Filter>
    </ClCompile>
    <ClCompile Include="..\APhysXNxCharacter\src\SweptCapsule.cpp">
      <Filter>Source Files</Filter>
    </ClCompile>
    <ClCompile Include="..\APhysXNxCharacter\src\SweptVolume.cpp">
      <Filter>Source Files</Filter>
    </ClCompile>
  </ItemGroup>
  <ItemGroup>
    <ClInclude Include="..\APhysXNxCharacter\include\BoxController.h">
      <Filter>Header Files</Filter>
    </ClInclude>
    <ClInclude Include="..\APhysXNxCharacter\include\CapsuleController.h">
      <Filter>Header Files</Filter>
    </ClInclude>
    <ClInclude Include="..\APhysXNxCharacter\include\CCTAllocator.h">
      <Filter>Header Files</Filter>
    </ClInclude>
    <ClInclude Include="..\APhysXNxCharacter\include\CCTDebugRenderer.h">
      <Filter>Header Files</Filter>
    </ClInclude>
    <ClInclude Include="..\APhysXNxCharacter\include\CharacterController.h">
      <Filter>Header Files</Filter>
    </ClInclude>
    <ClInclude Include="..\APhysXNxCharacter\include\CharacterControllerManager.h">
      <Filter>Header Files</Filter>
    </ClInclude>
    <ClInclude Include="..\APhysXNxCharacter\include\Controller.h">
      <Filter>Header Files</Filter>
    </ClInclude>
    <ClInclude Include="..\APhysXNxCharacter\include\ControllerManager.h">
      <Filter>Header Files</Filter>
    </ClInclude>
    <ClInclude Include="..\APhysXNxCharacter\include\NxBoxController.h">
      <Filter>Header Files</Filter>
    </ClInclude>
    <ClInclude Include="..\APhysXNxCharacter\include\NxCapsuleController.h">
      <Filter>Header Files</Filter>
    </ClInclude>
    <ClInclude Include="..\APhysXNxCharacter\include\NxCharacter.h">
      <Filter>Header Files</Filter>
    </ClInclude>
    <ClInclude Include="..\APhysXNxCharacter\include\NxController.h">
      <Filter>Header Files</Filter>
    </ClInclude>
    <ClInclude Include="..\APhysXNxCharacter\include\NxControllerManager.h">
      <Filter>Header Files</Filter>
    </ClInclude>
    <ClInclude Include="..\APhysXNxCharacter\include\NxExtended.h">
      <Filter>Header Files</Filter>
    </ClInclude>
    <ClInclude Include="..\APhysXNxCharacter\include\SweptBox.h">
      <Filter>Header Files</Filter>
    </ClInclude>
    <ClInclude Include="..\APhysXNxCharacter\include\SweptCapsule.h">
      <Filter>Header Files</Filter>
    </ClInclude>
    <ClInclude Include="..\APhysXNxCharacter\include\SweptVolume.h">
      <Filter>Header Files</Filter>
    </ClInclude>
  </ItemGroup>
</Project>