<?xml version="1.0" encoding="utf-8"?>
<Project ToolsVersion="4.0" xmlns="http://schemas.microsoft.com/developer/msbuild/2003">
  <ItemGroup>
    <Filter Include="Source Files">
      <UniqueIdentifier>{94575e83-0b4a-49f1-aeb4-52f3a74fda9b}</UniqueIdentifier>
      <Extensions>cpp;c;cxx;rc;def;r;odl;idl;hpj;bat</Extensions>
    </Filter>
    <Filter Include="Header Files">
      <UniqueIdentifier>{493783fc-f959-46df-8d50-366c290843af}</UniqueIdentifier>
      <Extensions>h;hpp;hxx;hm;inl</Extensions>
    </Filter>
    <Filter Include="Resource Files">
      <UniqueIdentifier>{4ab54309-e450-40ad-9414-3b8f5499fac3}</UniqueIdentifier>
      <Extensions>ico;cur;bmp;dlg;rc2;rct;bin;rgs;gif;jpg;jpeg;jpe</Extensions>
    </Filter>
  </ItemGroup>
  <ItemGroup>
    <ClCompile Include="ElementSkill.cpp">
      <Filter>Source Files</Filter>
    </ClCompile>
    <ClCompile Include="gnstring.cpp">
      <Filter>Source Files</Filter>
    </ClCompile>
    <ClCompile Include="skill.cpp">
      <Filter>Source Files</Filter>
    </ClCompile>
    <ClCompile Include="skillwrapper.cpp">
      <Filter>Source Files</Filter>
    </ClCompile>
    <ClCompile Include="StdAfx.cpp">
      <Filter>Source Files</Filter>
    </ClCompile>
    <ClCompile Include="stubs1.cpp">
      <Filter>Source Files</Filter>
    </ClCompile>
    <ClCompile Include="stubs2.cpp">
      <Filter>Source Files</Filter>
    </ClCompile>
    <ClCompile Include="stubs3.cpp">
      <Filter>Source Files</Filter>
    </ClCompile>
    <ClCompile Include="stubs4.cpp">
      <Filter>Source Files</Filter>
    </ClCompile>
    <ClCompile Include="stubs5.cpp">
      <Filter>Source Files</Filter>
    </ClCompile>
    <ClCompile Include="stubs6.cpp">
      <Filter>Source Files</Filter>
    </ClCompile>
    <ClCompile Include="stubs7.cpp">
      <Filter>Source Files</Filter>
    </ClCompile>
    <ClCompile Include="stubs8.cpp">
      <Filter>Source Files</Filter>
    </ClCompile>
  </ItemGroup>
  <ItemGroup>
    <ClInclude Include="ElementSkill.h">
      <Filter>Header Files</Filter>
    </ClInclude>
    <ClInclude Include="gnstring.h">
      <Filter>Header Files</Filter>
    </ClInclude>
    <ClInclude Include="playerwrapper.h">
      <Filter>Header Files</Filter>
    </ClInclude>
    <ClInclude Include="skill.h">
      <Filter>Header Files</Filter>
    </ClInclude>
    <ClInclude Include="skillwrapper.h">
      <Filter>Header Files</Filter>
    </ClInclude>
    <ClInclude Include="StdAfx.h">
      <Filter>Header Files</Filter>
    </ClInclude>
  </ItemGroup>
  <ItemGroup>
    <Text Include="ReadMe.txt" />
  </ItemGroup>
</Project>