
Microsoft Visual Studio Solution File, Format Version 9.00
# Visual Studio 2005
Project("{8BC9CEB8-8B4A-11D0-8D11-00A0C91BC942}") = "APhysXLab3", "APhysXLab3.vcproj", "{67618B1C-78D6-4E3C-B9BF-BFE25F07A5EA}"
	ProjectSection(ProjectDependencies) = postProject
		{0F239272-719D-453D-B18F-144A48C379CA} = {0F239272-719D-453D-B18F-144A48C379CA}
		{8DF925EC-1B0C-4855-AA7E-B66DD47FEB6F} = {8DF925EC-1B0C-4855-AA7E-B66DD47FEB6F}
		{7F2262F8-3A6C-48CA-9944-B51F0DCFA518} = {7F2262F8-3A6C-48CA-9944-B51F0DCFA518}
	EndProjectSection
EndProject
Project("{8BC9CEB8-8B4A-11D0-8D11-00A0C91BC942}") = "APhysXLabCommon", "APhysXLabCommon.vcproj", "{0F239272-719D-453D-B18F-144A48C379CA}"
EndProject
Project("{8BC9CEB8-8B4A-11D0-8D11-00A0C91BC942}") = "APhysXCommonDNet", "APhysXCommonDNet.vcproj", "{7F2262F8-3A6C-48CA-9944-B51F0DCFA518}"
	ProjectSection(ProjectDependencies) = postProject
		{0F239272-719D-453D-B18F-144A48C379CA} = {0F239272-719D-453D-B18F-144A48C379CA}
	EndProjectSection
EndProject
Project("{8BC9CEB8-8B4A-11D0-8D11-00A0C91BC942}") = "APhysXSample", "APhysXSample.vcproj", "{DA3D9463-DC37-4585-BED6-A06C90BDDCDB}"
	ProjectSection(ProjectDependencies) = postProject
		{7F2262F8-3A6C-48CA-9944-B51F0DCFA518} = {7F2262F8-3A6C-48CA-9944-B51F0DCFA518}
	EndProjectSection
EndProject
Project("{FAE04EC0-301F-11D3-BF4B-00C04F79EFBC}") = "ApxUserScripts", "..\..\Angelica3_Bin\ApxUserScripts\ApxUserScripts.csproj", "{8DF925EC-1B0C-4855-AA7E-B66DD47FEB6F}"
EndProject
Global
	GlobalSection(SourceCodeControl) = preSolution
		SccNumberOfProjects = 6
		SccProjectName0 = \u0022$/APhysXIntegration/APhysXLab3\u0022,\u0020LFUBAAAA
		SccLocalPath0 = ..
		SccProvider0 = MSSCCI:Microsoft\u0020Visual\u0020SourceSafe
		SccProjectFilePathRelativizedFromConnection0 = Compiler\\
		SccProjectUniqueName1 = APhysXLab3.vcproj
		SccLocalPath1 = ..
		SccProjectFilePathRelativizedFromConnection1 = Compiler\\
		SccProjectUniqueName2 = APhysXLabCommon.vcproj
		SccLocalPath2 = ..
		SccProjectFilePathRelativizedFromConnection2 = Compiler\\
		SccProjectUniqueName3 = APhysXCommonDNet.vcproj
		SccLocalPath3 = ..
		SccProjectFilePathRelativizedFromConnection3 = Compiler\\
		SccProjectUniqueName4 = APhysXSample.vcproj
		SccLocalPath4 = ..
		SccProjectFilePathRelativizedFromConnection4 = Compiler\\
		SccProjectUniqueName5 = ..\\..\\Angelica3_Bin\\ApxUserScripts\\ApxUserScripts.csproj
		SccProjectName5 = \u0022$/APhysXIntegration/Angelica3_Bin/ApxUserScripts\u0022,\u0020NLWBAAAA
		SccLocalPath5 = ..\\..\\Angelica3_Bin\\ApxUserScripts
	EndGlobalSection
	GlobalSection(SolutionConfigurationPlatforms) = preSolution
		Angelica21_Debug|Any CPU = Angelica21_Debug|Any CPU
		Angelica21_Debug|Mixed Platforms = Angelica21_Debug|Mixed Platforms
		Angelica21_Debug|Win32 = Angelica21_Debug|Win32
		Angelica21_Release|Any CPU = Angelica21_Release|Any CPU
		Angelica21_Release|Mixed Platforms = Angelica21_Release|Mixed Platforms
		Angelica21_Release|Win32 = Angelica21_Release|Win32
		Angelica22_Debug|Any CPU = Angelica22_Debug|Any CPU
		Angelica22_Debug|Mixed Platforms = Angelica22_Debug|Mixed Platforms
		Angelica22_Debug|Win32 = Angelica22_Debug|Win32
		Angelica22_Release|Any CPU = Angelica22_Release|Any CPU
		Angelica22_Release|Mixed Platforms = Angelica22_Release|Mixed Platforms
		Angelica22_Release|Win32 = Angelica22_Release|Win32
		Debug|Any CPU = Debug|Any CPU
		Debug|Mixed Platforms = Debug|Mixed Platforms
		Debug|Win32 = Debug|Win32
		Release DynamicBuild UserScripts|Any CPU = Release DynamicBuild UserScripts|Any CPU
		Release DynamicBuild UserScripts|Mixed Platforms = Release DynamicBuild UserScripts|Mixed Platforms
		Release DynamicBuild UserScripts|Win32 = Release DynamicBuild UserScripts|Win32
		Release|Any CPU = Release|Any CPU
		Release|Mixed Platforms = Release|Mixed Platforms
		Release|Win32 = Release|Win32
	EndGlobalSection
	GlobalSection(ProjectConfigurationPlatforms) = postSolution
		{67618B1C-78D6-4E3C-B9BF-BFE25F07A5EA}.Angelica21_Debug|Any CPU.ActiveCfg = Angelica21_Debug|Win32
		{67618B1C-78D6-4E3C-B9BF-BFE25F07A5EA}.Angelica21_Debug|Mixed Platforms.ActiveCfg = Angelica21_Debug|Win32
		{67618B1C-78D6-4E3C-B9BF-BFE25F07A5EA}.Angelica21_Debug|Mixed Platforms.Build.0 = Angelica21_Debug|Win32
		{67618B1C-78D6-4E3C-B9BF-BFE25F07A5EA}.Angelica21_Debug|Win32.ActiveCfg = Angelica21_Debug|Win32
		{67618B1C-78D6-4E3C-B9BF-BFE25F07A5EA}.Angelica21_Debug|Win32.Build.0 = Angelica21_Debug|Win32
		{67618B1C-78D6-4E3C-B9BF-BFE25F07A5EA}.Angelica21_Release|Any CPU.ActiveCfg = Angelica21_Debug|Win32
		{67618B1C-78D6-4E3C-B9BF-BFE25F07A5EA}.Angelica21_Release|Mixed Platforms.ActiveCfg = Angelica21_Release|Win32
		{67618B1C-78D6-4E3C-B9BF-BFE25F07A5EA}.Angelica21_Release|Mixed Platforms.Build.0 = Angelica21_Release|Win32
		{67618B1C-78D6-4E3C-B9BF-BFE25F07A5EA}.Angelica21_Release|Win32.ActiveCfg = Angelica21_Release|Win32
		{67618B1C-78D6-4E3C-B9BF-BFE25F07A5EA}.Angelica21_Release|Win32.Build.0 = Angelica21_Release|Win32
		{67618B1C-78D6-4E3C-B9BF-BFE25F07A5EA}.Angelica22_Debug|Any CPU.ActiveCfg = Angelica22_Debug|Win32
		{67618B1C-78D6-4E3C-B9BF-BFE25F07A5EA}.Angelica22_Debug|Mixed Platforms.ActiveCfg = Angelica22_Debug|Win32
		{67618B1C-78D6-4E3C-B9BF-BFE25F07A5EA}.Angelica22_Debug|Mixed Platforms.Build.0 = Angelica22_Debug|Win32
		{67618B1C-78D6-4E3C-B9BF-BFE25F07A5EA}.Angelica22_Debug|Win32.ActiveCfg = Angelica22_Debug|Win32
		{67618B1C-78D6-4E3C-B9BF-BFE25F07A5EA}.Angelica22_Debug|Win32.Build.0 = Angelica22_Debug|Win32
		{67618B1C-78D6-4E3C-B9BF-BFE25F07A5EA}.Angelica22_Release|Any CPU.ActiveCfg = Angelica22_Release|Win32
		{67618B1C-78D6-4E3C-B9BF-BFE25F07A5EA}.Angelica22_Release|Mixed Platforms.ActiveCfg = Angelica22_Release|Win32
		{67618B1C-78D6-4E3C-B9BF-BFE25F07A5EA}.Angelica22_Release|Mixed Platforms.Build.0 = Angelica22_Release|Win32
		{67618B1C-78D6-4E3C-B9BF-BFE25F07A5EA}.Angelica22_Release|Win32.ActiveCfg = Angelica22_Release|Win32
		{67618B1C-78D6-4E3C-B9BF-BFE25F07A5EA}.Angelica22_Release|Win32.Build.0 = Angelica22_Release|Win32
		{67618B1C-78D6-4E3C-B9BF-BFE25F07A5EA}.Debug|Any CPU.ActiveCfg = Debug|Win32
		{67618B1C-78D6-4E3C-B9BF-BFE25F07A5EA}.Debug|Mixed Platforms.ActiveCfg = Debug|Win32
		{67618B1C-78D6-4E3C-B9BF-BFE25F07A5EA}.Debug|Mixed Platforms.Build.0 = Debug|Win32
		{67618B1C-78D6-4E3C-B9BF-BFE25F07A5EA}.Debug|Win32.ActiveCfg = Debug|Win32
		{67618B1C-78D6-4E3C-B9BF-BFE25F07A5EA}.Debug|Win32.Build.0 = Debug|Win32
		{67618B1C-78D6-4E3C-B9BF-BFE25F07A5EA}.Release DynamicBuild UserScripts|Any CPU.ActiveCfg = Release|Win32
		{67618B1C-78D6-4E3C-B9BF-BFE25F07A5EA}.Release DynamicBuild UserScripts|Mixed Platforms.ActiveCfg = Release|Win32
		{67618B1C-78D6-4E3C-B9BF-BFE25F07A5EA}.Release DynamicBuild UserScripts|Mixed Platforms.Build.0 = Release|Win32
		{67618B1C-78D6-4E3C-B9BF-BFE25F07A5EA}.Release DynamicBuild UserScripts|Win32.ActiveCfg = Release DynamicBuild UserScripts|Win32
		{67618B1C-78D6-4E3C-B9BF-BFE25F07A5EA}.Release DynamicBuild UserScripts|Win32.Build.0 = Release DynamicBuild UserScripts|Win32
		{67618B1C-78D6-4E3C-B9BF-BFE25F07A5EA}.Release|Any CPU.ActiveCfg = Release|Win32
		{67618B1C-78D6-4E3C-B9BF-BFE25F07A5EA}.Release|Mixed Platforms.ActiveCfg = Release|Win32
		{67618B1C-78D6-4E3C-B9BF-BFE25F07A5EA}.Release|Mixed Platforms.Build.0 = Release|Win32
		{67618B1C-78D6-4E3C-B9BF-BFE25F07A5EA}.Release|Win32.ActiveCfg = Release|Win32
		{67618B1C-78D6-4E3C-B9BF-BFE25F07A5EA}.Release|Win32.Build.0 = Release|Win32
		{0F239272-719D-453D-B18F-144A48C379CA}.Angelica21_Debug|Any CPU.ActiveCfg = Angelica21_Debug|Win32
		{0F239272-719D-453D-B18F-144A48C379CA}.Angelica21_Debug|Mixed Platforms.ActiveCfg = Angelica21_Debug|Win32
		{0F239272-719D-453D-B18F-144A48C379CA}.Angelica21_Debug|Mixed Platforms.Build.0 = Angelica21_Debug|Win32
		{0F239272-719D-453D-B18F-144A48C379CA}.Angelica21_Debug|Win32.ActiveCfg = Angelica21_Debug|Win32
		{0F239272-719D-453D-B18F-144A48C379CA}.Angelica21_Debug|Win32.Build.0 = Angelica21_Debug|Win32
		{0F239272-719D-453D-B18F-144A48C379CA}.Angelica21_Release|Any CPU.ActiveCfg = Angelica21_Release|Win32
		{0F239272-719D-453D-B18F-144A48C379CA}.Angelica21_Release|Mixed Platforms.ActiveCfg = Angelica21_Release|Win32
		{0F239272-719D-453D-B18F-144A48C379CA}.Angelica21_Release|Mixed Platforms.Build.0 = Angelica21_Release|Win32
		{0F239272-719D-453D-B18F-144A48C379CA}.Angelica21_Release|Win32.ActiveCfg = Angelica21_Release|Win32
		{0F239272-719D-453D-B18F-144A48C379CA}.Angelica21_Release|Win32.Build.0 = Angelica21_Release|Win32
		{0F239272-719D-453D-B18F-144A48C379CA}.Angelica22_Debug|Any CPU.ActiveCfg = Angelica22_Debug|Win32
		{0F239272-719D-453D-B18F-144A48C379CA}.Angelica22_Debug|Mixed Platforms.ActiveCfg = Angelica22_Debug|Win32
		{0F239272-719D-453D-B18F-144A48C379CA}.Angelica22_Debug|Mixed Platforms.Build.0 = Angelica22_Debug|Win32
		{0F239272-719D-453D-B18F-144A48C379CA}.Angelica22_Debug|Win32.ActiveCfg = Angelica22_Debug|Win32
		{0F239272-719D-453D-B18F-144A48C379CA}.Angelica22_Debug|Win32.Build.0 = Angelica22_Debug|Win32
		{0F239272-719D-453D-B18F-144A48C379CA}.Angelica22_Release|Any CPU.ActiveCfg = Angelica22_Release|Win32
		{0F239272-719D-453D-B18F-144A48C379CA}.Angelica22_Release|Mixed Platforms.ActiveCfg = Angelica22_Release|Win32
		{0F239272-719D-453D-B18F-144A48C379CA}.Angelica22_Release|Mixed Platforms.Build.0 = Angelica22_Release|Win32
		{0F239272-719D-453D-B18F-144A48C379CA}.Angelica22_Release|Win32.ActiveCfg = Angelica22_Release|Win32
		{0F239272-719D-453D-B18F-144A48C379CA}.Angelica22_Release|Win32.Build.0 = Angelica22_Release|Win32
		{0F239272-719D-453D-B18F-144A48C379CA}.Debug|Any CPU.ActiveCfg = Debug|Win32
		{0F239272-719D-453D-B18F-144A48C379CA}.Debug|Mixed Platforms.ActiveCfg = Debug|Win32
		{0F239272-719D-453D-B18F-144A48C379CA}.Debug|Mixed Platforms.Build.0 = Debug|Win32
		{0F239272-719D-453D-B18F-144A48C379CA}.Debug|Win32.ActiveCfg = Debug|Win32
		{0F239272-719D-453D-B18F-144A48C379CA}.Debug|Win32.Build.0 = Debug|Win32
		{0F239272-719D-453D-B18F-144A48C379CA}.Release DynamicBuild UserScripts|Any CPU.ActiveCfg = Release|Win32
		{0F239272-719D-453D-B18F-144A48C379CA}.Release DynamicBuild UserScripts|Mixed Platforms.ActiveCfg = Release|Win32
		{0F239272-719D-453D-B18F-144A48C379CA}.Release DynamicBuild UserScripts|Mixed Platforms.Build.0 = Release|Win32
		{0F239272-719D-453D-B18F-144A48C379CA}.Release DynamicBuild UserScripts|Win32.ActiveCfg = Release|Win32
		{0F239272-719D-453D-B18F-144A48C379CA}.Release DynamicBuild UserScripts|Win32.Build.0 = Release|Win32
		{0F239272-719D-453D-B18F-144A48C379CA}.Release|Any CPU.ActiveCfg = Release|Win32
		{0F239272-719D-453D-B18F-144A48C379CA}.Release|Mixed Platforms.ActiveCfg = Release|Win32
		{0F239272-719D-453D-B18F-144A48C379CA}.Release|Mixed Platforms.Build.0 = Release|Win32
		{0F239272-719D-453D-B18F-144A48C379CA}.Release|Win32.ActiveCfg = Release|Win32
		{0F239272-719D-453D-B18F-144A48C379CA}.Release|Win32.Build.0 = Release|Win32
		{7F2262F8-3A6C-48CA-9944-B51F0DCFA518}.Angelica21_Debug|Any CPU.ActiveCfg = Angelica21_Debug|Win32
		{7F2262F8-3A6C-48CA-9944-B51F0DCFA518}.Angelica21_Debug|Mixed Platforms.ActiveCfg = Angelica21_Debug|Win32
		{7F2262F8-3A6C-48CA-9944-B51F0DCFA518}.Angelica21_Debug|Mixed Platforms.Build.0 = Angelica21_Debug|Win32
		{7F2262F8-3A6C-48CA-9944-B51F0DCFA518}.Angelica21_Debug|Win32.ActiveCfg = Angelica21_Debug|Win32
		{7F2262F8-3A6C-48CA-9944-B51F0DCFA518}.Angelica21_Debug|Win32.Build.0 = Angelica21_Debug|Win32
		{7F2262F8-3A6C-48CA-9944-B51F0DCFA518}.Angelica21_Release|Any CPU.ActiveCfg = Angelica21_Debug|Win32
		{7F2262F8-3A6C-48CA-9944-B51F0DCFA518}.Angelica21_Release|Mixed Platforms.ActiveCfg = Angelica21_Release|Win32
		{7F2262F8-3A6C-48CA-9944-B51F0DCFA518}.Angelica21_Release|Mixed Platforms.Build.0 = Angelica21_Release|Win32
		{7F2262F8-3A6C-48CA-9944-B51F0DCFA518}.Angelica21_Release|Win32.ActiveCfg = Angelica21_Release|Win32
		{7F2262F8-3A6C-48CA-9944-B51F0DCFA518}.Angelica21_Release|Win32.Build.0 = Angelica21_Release|Win32
		{7F2262F8-3A6C-48CA-9944-B51F0DCFA518}.Angelica22_Debug|Any CPU.ActiveCfg = Angelica22_Debug|Win32
		{7F2262F8-3A6C-48CA-9944-B51F0DCFA518}.Angelica22_Debug|Mixed Platforms.ActiveCfg = Angelica22_Debug|Win32
		{7F2262F8-3A6C-48CA-9944-B51F0DCFA518}.Angelica22_Debug|Mixed Platforms.Build.0 = Angelica22_Debug|Win32
		{7F2262F8-3A6C-48CA-9944-B51F0DCFA518}.Angelica22_Debug|Win32.ActiveCfg = Angelica22_Debug|Win32
		{7F2262F8-3A6C-48CA-9944-B51F0DCFA518}.Angelica22_Debug|Win32.Build.0 = Angelica22_Debug|Win32
		{7F2262F8-3A6C-48CA-9944-B51F0DCFA518}.Angelica22_Release|Any CPU.ActiveCfg = Angelica22_Release|Win32
		{7F2262F8-3A6C-48CA-9944-B51F0DCFA518}.Angelica22_Release|Mixed Platforms.ActiveCfg = Angelica22_Release|Win32
		{7F2262F8-3A6C-48CA-9944-B51F0DCFA518}.Angelica22_Release|Mixed Platforms.Build.0 = Angelica22_Release|Win32
		{7F2262F8-3A6C-48CA-9944-B51F0DCFA518}.Angelica22_Release|Win32.ActiveCfg = Angelica22_Release|Win32
		{7F2262F8-3A6C-48CA-9944-B51F0DCFA518}.Angelica22_Release|Win32.Build.0 = Angelica22_Release|Win32
		{7F2262F8-3A6C-48CA-9944-B51F0DCFA518}.Debug|Any CPU.ActiveCfg = Debug|Win32
		{7F2262F8-3A6C-48CA-9944-B51F0DCFA518}.Debug|Mixed Platforms.ActiveCfg = Debug|Win32
		{7F2262F8-3A6C-48CA-9944-B51F0DCFA518}.Debug|Mixed Platforms.Build.0 = Debug|Win32
		{7F2262F8-3A6C-48CA-9944-B51F0DCFA518}.Debug|Win32.ActiveCfg = Debug|Win32
		{7F2262F8-3A6C-48CA-9944-B51F0DCFA518}.Debug|Win32.Build.0 = Debug|Win32
		{7F2262F8-3A6C-48CA-9944-B51F0DCFA518}.Release DynamicBuild UserScripts|Any CPU.ActiveCfg = Release|Win32
		{7F2262F8-3A6C-48CA-9944-B51F0DCFA518}.Release DynamicBuild UserScripts|Mixed Platforms.ActiveCfg = Release|Win32
		{7F2262F8-3A6C-48CA-9944-B51F0DCFA518}.Release DynamicBuild UserScripts|Mixed Platforms.Build.0 = Release|Win32
		{7F2262F8-3A6C-48CA-9944-B51F0DCFA518}.Release DynamicBuild UserScripts|Win32.ActiveCfg = Release DynamicBuild UserScripts|Win32
		{7F2262F8-3A6C-48CA-9944-B51F0DCFA518}.Release DynamicBuild UserScripts|Win32.Build.0 = Release DynamicBuild UserScripts|Win32
		{7F2262F8-3A6C-48CA-9944-B51F0DCFA518}.Release|Any CPU.ActiveCfg = Release|Win32
		{7F2262F8-3A6C-48CA-9944-B51F0DCFA518}.Release|Mixed Platforms.ActiveCfg = Release|Win32
		{7F2262F8-3A6C-48CA-9944-B51F0DCFA518}.Release|Mixed Platforms.Build.0 = Release|Win32
		{7F2262F8-3A6C-48CA-9944-B51F0DCFA518}.Release|Win32.ActiveCfg = Release|Win32
		{7F2262F8-3A6C-48CA-9944-B51F0DCFA518}.Release|Win32.Build.0 = Release|Win32
		{DA3D9463-DC37-4585-BED6-A06C90BDDCDB}.Angelica21_Debug|Any CPU.ActiveCfg = Angelica21_Debug|Win32
		{DA3D9463-DC37-4585-BED6-A06C90BDDCDB}.Angelica21_Debug|Mixed Platforms.ActiveCfg = Angelica21_Debug|Win32
		{DA3D9463-DC37-4585-BED6-A06C90BDDCDB}.Angelica21_Debug|Mixed Platforms.Build.0 = Angelica21_Debug|Win32
		{DA3D9463-DC37-4585-BED6-A06C90BDDCDB}.Angelica21_Debug|Win32.ActiveCfg = Angelica21_Debug|Win32
		{DA3D9463-DC37-4585-BED6-A06C90BDDCDB}.Angelica21_Debug|Win32.Build.0 = Angelica21_Debug|Win32
		{DA3D9463-DC37-4585-BED6-A06C90BDDCDB}.Angelica21_Release|Any CPU.ActiveCfg = Angelica21_Debug|Win32
		{DA3D9463-DC37-4585-BED6-A06C90BDDCDB}.Angelica21_Release|Mixed Platforms.ActiveCfg = Release|Win32
		{DA3D9463-DC37-4585-BED6-A06C90BDDCDB}.Angelica21_Release|Mixed Platforms.Build.0 = Release|Win32
		{DA3D9463-DC37-4585-BED6-A06C90BDDCDB}.Angelica21_Release|Win32.ActiveCfg = Release|Win32
		{DA3D9463-DC37-4585-BED6-A06C90BDDCDB}.Angelica21_Release|Win32.Build.0 = Release|Win32
		{DA3D9463-DC37-4585-BED6-A06C90BDDCDB}.Angelica22_Debug|Any CPU.ActiveCfg = Angelica21_Debug|Win32
		{DA3D9463-DC37-4585-BED6-A06C90BDDCDB}.Angelica22_Debug|Mixed Platforms.ActiveCfg = Angelica21_Debug|Win32
		{DA3D9463-DC37-4585-BED6-A06C90BDDCDB}.Angelica22_Debug|Mixed Platforms.Build.0 = Angelica21_Debug|Win32
		{DA3D9463-DC37-4585-BED6-A06C90BDDCDB}.Angelica22_Debug|Win32.ActiveCfg = Debug|Win32
		{DA3D9463-DC37-4585-BED6-A06C90BDDCDB}.Angelica22_Debug|Win32.Build.0 = Debug|Win32
		{DA3D9463-DC37-4585-BED6-A06C90BDDCDB}.Angelica22_Release|Any CPU.ActiveCfg = Angelica21_Debug|Win32
		{DA3D9463-DC37-4585-BED6-A06C90BDDCDB}.Angelica22_Release|Mixed Platforms.ActiveCfg = Release|Win32
		{DA3D9463-DC37-4585-BED6-A06C90BDDCDB}.Angelica22_Release|Mixed Platforms.Build.0 = Release|Win32
		{DA3D9463-DC37-4585-BED6-A06C90BDDCDB}.Angelica22_Release|Win32.ActiveCfg = Release|Win32
		{DA3D9463-DC37-4585-BED6-A06C90BDDCDB}.Angelica22_Release|Win32.Build.0 = Release|Win32
		{DA3D9463-DC37-4585-BED6-A06C90BDDCDB}.Debug|Any CPU.ActiveCfg = Debug|Win32
		{DA3D9463-DC37-4585-BED6-A06C90BDDCDB}.Debug|Mixed Platforms.ActiveCfg = Debug|Win32
		{DA3D9463-DC37-4585-BED6-A06C90BDDCDB}.Debug|Mixed Platforms.Build.0 = Debug|Win32
		{DA3D9463-DC37-4585-BED6-A06C90BDDCDB}.Debug|Win32.ActiveCfg = Debug|Win32
		{DA3D9463-DC37-4585-BED6-A06C90BDDCDB}.Debug|Win32.Build.0 = Debug|Win32
		{DA3D9463-DC37-4585-BED6-A06C90BDDCDB}.Release DynamicBuild UserScripts|Any CPU.ActiveCfg = Release|Win32
		{DA3D9463-DC37-4585-BED6-A06C90BDDCDB}.Release DynamicBuild UserScripts|Mixed Platforms.ActiveCfg = Release|Win32
		{DA3D9463-DC37-4585-BED6-A06C90BDDCDB}.Release DynamicBuild UserScripts|Mixed Platforms.Build.0 = Release|Win32
		{DA3D9463-DC37-4585-BED6-A06C90BDDCDB}.Release DynamicBuild UserScripts|Win32.ActiveCfg = Release|Win32
		{DA3D9463-DC37-4585-BED6-A06C90BDDCDB}.Release DynamicBuild UserScripts|Win32.Build.0 = Release|Win32
		{DA3D9463-DC37-4585-BED6-A06C90BDDCDB}.Release|Any CPU.ActiveCfg = Release|Win32
		{DA3D9463-DC37-4585-BED6-A06C90BDDCDB}.Release|Mixed Platforms.ActiveCfg = Release|Win32
		{DA3D9463-DC37-4585-BED6-A06C90BDDCDB}.Release|Mixed Platforms.Build.0 = Release|Win32
		{DA3D9463-DC37-4585-BED6-A06C90BDDCDB}.Release|Win32.ActiveCfg = Release|Win32
		{DA3D9463-DC37-4585-BED6-A06C90BDDCDB}.Release|Win32.Build.0 = Release|Win32
		{8DF925EC-1B0C-4855-AA7E-B66DD47FEB6F}.Angelica21_Debug|Any CPU.ActiveCfg = Angelica21_Debug|Any CPU
		{8DF925EC-1B0C-4855-AA7E-B66DD47FEB6F}.Angelica21_Debug|Any CPU.Build.0 = Angelica21_Debug|Any CPU
		{8DF925EC-1B0C-4855-AA7E-B66DD47FEB6F}.Angelica21_Debug|Mixed Platforms.ActiveCfg = Angelica21_Debug|Any CPU
		{8DF925EC-1B0C-4855-AA7E-B66DD47FEB6F}.Angelica21_Debug|Mixed Platforms.Build.0 = Angelica21_Debug|Any CPU
		{8DF925EC-1B0C-4855-AA7E-B66DD47FEB6F}.Angelica21_Debug|Win32.ActiveCfg = Angelica21_Debug|Any CPU
		{8DF925EC-1B0C-4855-AA7E-B66DD47FEB6F}.Angelica21_Debug|Win32.Build.0 = Angelica21_Debug|Any CPU
		{8DF925EC-1B0C-4855-AA7E-B66DD47FEB6F}.Angelica21_Release|Any CPU.ActiveCfg = Release|Any CPU
		{8DF925EC-1B0C-4855-AA7E-B66DD47FEB6F}.Angelica21_Release|Any CPU.Build.0 = Release|Any CPU
		{8DF925EC-1B0C-4855-AA7E-B66DD47FEB6F}.Angelica21_Release|Mixed Platforms.ActiveCfg = Angelica21_Release|Any CPU
		{8DF925EC-1B0C-4855-AA7E-B66DD47FEB6F}.Angelica21_Release|Mixed Platforms.Build.0 = Angelica21_Release|Any CPU
		{8DF925EC-1B0C-4855-AA7E-B66DD47FEB6F}.Angelica21_Release|Win32.ActiveCfg = Angelica21_Release|Any CPU
		{8DF925EC-1B0C-4855-AA7E-B66DD47FEB6F}.Angelica21_Release|Win32.Build.0 = Angelica21_Release|Any CPU
		{8DF925EC-1B0C-4855-AA7E-B66DD47FEB6F}.Angelica22_Debug|Any CPU.ActiveCfg = Angelica22_Debug|Any CPU
		{8DF925EC-1B0C-4855-AA7E-B66DD47FEB6F}.Angelica22_Debug|Mixed Platforms.ActiveCfg = Angelica22_Debug|Any CPU
		{8DF925EC-1B0C-4855-AA7E-B66DD47FEB6F}.Angelica22_Debug|Mixed Platforms.Build.0 = Angelica22_Debug|Any CPU
		{8DF925EC-1B0C-4855-AA7E-B66DD47FEB6F}.Angelica22_Debug|Win32.ActiveCfg = Angelica22_Debug|Any CPU
		{8DF925EC-1B0C-4855-AA7E-B66DD47FEB6F}.Angelica22_Release|Any CPU.ActiveCfg = Angelica22_Release|Any CPU
		{8DF925EC-1B0C-4855-AA7E-B66DD47FEB6F}.Angelica22_Release|Mixed Platforms.ActiveCfg = Angelica22_Release|Any CPU
		{8DF925EC-1B0C-4855-AA7E-B66DD47FEB6F}.Angelica22_Release|Mixed Platforms.Build.0 = Angelica22_Release|Any CPU
		{8DF925EC-1B0C-4855-AA7E-B66DD47FEB6F}.Angelica22_Release|Win32.ActiveCfg = Angelica22_Release|Any CPU
		{8DF925EC-1B0C-4855-AA7E-B66DD47FEB6F}.Debug|Any CPU.ActiveCfg = Debug|Any CPU
		{8DF925EC-1B0C-4855-AA7E-B66DD47FEB6F}.Debug|Any CPU.Build.0 = Debug|Any CPU
		{8DF925EC-1B0C-4855-AA7E-B66DD47FEB6F}.Debug|Mixed Platforms.ActiveCfg = Debug|Any CPU
		{8DF925EC-1B0C-4855-AA7E-B66DD47FEB6F}.Debug|Mixed Platforms.Build.0 = Debug|Any CPU
		{8DF925EC-1B0C-4855-AA7E-B66DD47FEB6F}.Debug|Win32.ActiveCfg = Debug|Any CPU
		{8DF925EC-1B0C-4855-AA7E-B66DD47FEB6F}.Debug|Win32.Build.0 = Debug|Any CPU
		{8DF925EC-1B0C-4855-AA7E-B66DD47FEB6F}.Release DynamicBuild UserScripts|Any CPU.ActiveCfg = Release|Any CPU
		{8DF925EC-1B0C-4855-AA7E-B66DD47FEB6F}.Release DynamicBuild UserScripts|Any CPU.Build.0 = Release|Any CPU
		{8DF925EC-1B0C-4855-AA7E-B66DD47FEB6F}.Release DynamicBuild UserScripts|Mixed Platforms.ActiveCfg = Release|Any CPU
		{8DF925EC-1B0C-4855-AA7E-B66DD47FEB6F}.Release DynamicBuild UserScripts|Mixed Platforms.Build.0 = Release|Any CPU
		{8DF925EC-1B0C-4855-AA7E-B66DD47FEB6F}.Release DynamicBuild UserScripts|Win32.ActiveCfg = Release|Any CPU
		{8DF925EC-1B0C-4855-AA7E-B66DD47FEB6F}.Release|Any CPU.ActiveCfg = Release|Any CPU
		{8DF925EC-1B0C-4855-AA7E-B66DD47FEB6F}.Release|Any CPU.Build.0 = Release|Any CPU
		{8DF925EC-1B0C-4855-AA7E-B66DD47FEB6F}.Release|Mixed Platforms.ActiveCfg = Release|Any CPU
		{8DF925EC-1B0C-4855-AA7E-B66DD47FEB6F}.Release|Mixed Platforms.Build.0 = Release|Any CPU
		{8DF925EC-1B0C-4855-AA7E-B66DD47FEB6F}.Release|Win32.ActiveCfg = Release|Any CPU
		{8DF925EC-1B0C-4855-AA7E-B66DD47FEB6F}.Release|Win32.Build.0 = Release|Any CPU
	EndGlobalSection
	GlobalSection(SolutionProperties) = preSolution
		HideSolutionNode = FALSE
	EndGlobalSection
EndGlobal
