
Microsoft Visual Studio Solution File, Format Version 9.00
# Visual Studio 2005
Project("{8BC9CEB8-8B4A-11D0-8D11-00A0C91BC942}") = "APhysXEngine", "APhysXEngine.vcproj", "{9B2F1191-AB61-4721-84AC-AF99D79CE4CE}"
	ProjectSection(WebsiteProperties) = preProject
		Debug.AspNetCompiler.Debug = "True"
		Release.AspNetCompiler.Debug = "False"
	EndProjectSection
EndProject
Project("{8BC9CEB8-8B4A-11D0-8D11-00A0C91BC942}") = "APhysXDebugRenderTest", "APhysXDebugRenderTest.vcproj", "{A41931A8-5572-43DE-945A-F9B309913B44}"
	ProjectSection(ProjectDependencies) = postProject
		{9B2F1191-AB61-4721-84AC-AF99D79CE4CE} = {9B2F1191-AB61-4721-84AC-AF99D79CE4CE}
	EndProjectSection
	ProjectSection(WebsiteProperties) = preProject
		Debug.AspNetCompiler.Debug = "True"
		Release.AspNetCompiler.Debug = "False"
	EndProjectSection
EndProject
Project("{8BC9CEB8-8B4A-11D0-8D11-00A0C91BC942}") = "APhysXLiteBenchmark", "APhysXLiteBenchmark.vcproj", "{F7CF06FB-0908-4048-986D-A54889DCD6A8}"
	ProjectSection(ProjectDependencies) = postProject
		{9B2F1191-AB61-4721-84AC-AF99D79CE4CE} = {9B2F1191-AB61-4721-84AC-AF99D79CE4CE}
	EndProjectSection
	ProjectSection(WebsiteProperties) = preProject
		Debug.AspNetCompiler.Debug = "True"
		Release.AspNetCompiler.Debug = "False"
	EndProjectSection
EndProject
Project("{8BC9CEB8-8B4A-11D0-8D11-00A0C91BC942}") = "APhysXNxCharacter", "APhysXNxCharacter.vcproj", "{F012A6E5-1DEA-438A-B04D-8270630E72E3}"
	ProjectSection(WebsiteProperties) = preProject
		Debug.AspNetCompiler.Debug = "True"
		Release.AspNetCompiler.Debug = "False"
	EndProjectSection
EndProject
Global
	GlobalSection(SourceCodeControl) = preSolution
		SccNumberOfProjects = 5
		SccProjectName0 = \u0022$/APhysXIntegration\u0022,\u0020XSPAAAAA
		SccLocalPath0 = ..
		SccProvider0 = MSSCCI:Microsoft\u0020Visual\u0020SourceSafe
		CanCheckoutShared = false
		SccProjectFilePathRelativizedFromConnection0 = Compiler\\
		SccProjectUniqueName1 = APhysXDebugRenderTest.vcproj
		SccLocalPath1 = ..
		CanCheckoutShared = false
		SccProjectFilePathRelativizedFromConnection1 = Compiler\\
		SccProjectUniqueName2 = APhysXEngine.vcproj
		SccLocalPath2 = ..
		CanCheckoutShared = false
		SccProjectFilePathRelativizedFromConnection2 = Compiler\\
		SccProjectUniqueName3 = APhysXLiteBenchmark.vcproj
		SccLocalPath3 = ..
		CanCheckoutShared = false
		SccProjectFilePathRelativizedFromConnection3 = Compiler\\
		SccProjectUniqueName4 = APhysXNxCharacter.vcproj
		SccLocalPath4 = ..
		CanCheckoutShared = false
		SccProjectFilePathRelativizedFromConnection4 = Compiler\\
	EndGlobalSection
	GlobalSection(SolutionConfigurationPlatforms) = preSolution
		Debug|Win32 = Debug|Win32
		Debug|x64 = Debug|x64
		DebugStaticLib|Win32 = DebugStaticLib|Win32
		DebugStaticLib|x64 = DebugStaticLib|x64
		Release DebugRender|Win32 = Release DebugRender|Win32
		Release DebugRender|x64 = Release DebugRender|x64
		Release|Win32 = Release|Win32
		Release|x64 = Release|x64
		ReleaseStaticLib DebugRender|Win32 = ReleaseStaticLib DebugRender|Win32
		ReleaseStaticLib DebugRender|x64 = ReleaseStaticLib DebugRender|x64
		ReleaseStaticLib|Win32 = ReleaseStaticLib|Win32
		ReleaseStaticLib|x64 = ReleaseStaticLib|x64
		Unicode Debug|Win32 = Unicode Debug|Win32
		Unicode Debug|x64 = Unicode Debug|x64
		Unicode DebugStaticLib|Win32 = Unicode DebugStaticLib|Win32
		Unicode DebugStaticLib|x64 = Unicode DebugStaticLib|x64
		Unicode Release DebugRender|Win32 = Unicode Release DebugRender|Win32
		Unicode Release DebugRender|x64 = Unicode Release DebugRender|x64
		Unicode Release|Win32 = Unicode Release|Win32
		Unicode Release|x64 = Unicode Release|x64
		Unicode ReleaseStaticLib DebugRender|Win32 = Unicode ReleaseStaticLib DebugRender|Win32
		Unicode ReleaseStaticLib DebugRender|x64 = Unicode ReleaseStaticLib DebugRender|x64
		Unicode ReleaseStaticLib|Win32 = Unicode ReleaseStaticLib|Win32
		Unicode ReleaseStaticLib|x64 = Unicode ReleaseStaticLib|x64
	EndGlobalSection
	GlobalSection(ProjectConfigurationPlatforms) = postSolution
		{9B2F1191-AB61-4721-84AC-AF99D79CE4CE}.Debug|Win32.ActiveCfg = Debug|Win32
		{9B2F1191-AB61-4721-84AC-AF99D79CE4CE}.Debug|Win32.Build.0 = Debug|Win32
		{9B2F1191-AB61-4721-84AC-AF99D79CE4CE}.Debug|x64.ActiveCfg = Debug|x64
		{9B2F1191-AB61-4721-84AC-AF99D79CE4CE}.Debug|x64.Build.0 = Debug|x64
		{9B2F1191-AB61-4721-84AC-AF99D79CE4CE}.DebugStaticLib|Win32.ActiveCfg = DebugStaticLib|Win32
		{9B2F1191-AB61-4721-84AC-AF99D79CE4CE}.DebugStaticLib|Win32.Build.0 = DebugStaticLib|Win32
		{9B2F1191-AB61-4721-84AC-AF99D79CE4CE}.DebugStaticLib|x64.ActiveCfg = DebugStaticLib|x64
		{9B2F1191-AB61-4721-84AC-AF99D79CE4CE}.DebugStaticLib|x64.Build.0 = DebugStaticLib|x64
		{9B2F1191-AB61-4721-84AC-AF99D79CE4CE}.Release DebugRender|Win32.ActiveCfg = Release DebugRender|Win32
		{9B2F1191-AB61-4721-84AC-AF99D79CE4CE}.Release DebugRender|Win32.Build.0 = Release DebugRender|Win32
		{9B2F1191-AB61-4721-84AC-AF99D79CE4CE}.Release DebugRender|x64.ActiveCfg = Release DebugRender|x64
		{9B2F1191-AB61-4721-84AC-AF99D79CE4CE}.Release DebugRender|x64.Build.0 = Release DebugRender|x64
		{9B2F1191-AB61-4721-84AC-AF99D79CE4CE}.Release|Win32.ActiveCfg = Release|Win32
		{9B2F1191-AB61-4721-84AC-AF99D79CE4CE}.Release|Win32.Build.0 = Release|Win32
		{9B2F1191-AB61-4721-84AC-AF99D79CE4CE}.Release|x64.ActiveCfg = Release|x64
		{9B2F1191-AB61-4721-84AC-AF99D79CE4CE}.Release|x64.Build.0 = Release|x64
		{9B2F1191-AB61-4721-84AC-AF99D79CE4CE}.ReleaseStaticLib DebugRender|Win32.ActiveCfg = ReleaseStaticLib DebugRender|Win32
		{9B2F1191-AB61-4721-84AC-AF99D79CE4CE}.ReleaseStaticLib DebugRender|Win32.Build.0 = ReleaseStaticLib DebugRender|Win32
		{9B2F1191-AB61-4721-84AC-AF99D79CE4CE}.ReleaseStaticLib DebugRender|x64.ActiveCfg = ReleaseStaticLib DebugRender|x64
		{9B2F1191-AB61-4721-84AC-AF99D79CE4CE}.ReleaseStaticLib DebugRender|x64.Build.0 = ReleaseStaticLib DebugRender|x64
		{9B2F1191-AB61-4721-84AC-AF99D79CE4CE}.ReleaseStaticLib|Win32.ActiveCfg = ReleaseStaticLib|Win32
		{9B2F1191-AB61-4721-84AC-AF99D79CE4CE}.ReleaseStaticLib|Win32.Build.0 = ReleaseStaticLib|Win32
		{9B2F1191-AB61-4721-84AC-AF99D79CE4CE}.ReleaseStaticLib|x64.ActiveCfg = ReleaseStaticLib|x64
		{9B2F1191-AB61-4721-84AC-AF99D79CE4CE}.ReleaseStaticLib|x64.Build.0 = ReleaseStaticLib|x64
		{9B2F1191-AB61-4721-84AC-AF99D79CE4CE}.Unicode Debug|Win32.ActiveCfg = Unicode Debug|Win32
		{9B2F1191-AB61-4721-84AC-AF99D79CE4CE}.Unicode Debug|Win32.Build.0 = Unicode Debug|Win32
		{9B2F1191-AB61-4721-84AC-AF99D79CE4CE}.Unicode Debug|x64.ActiveCfg = Unicode Debug|x64
		{9B2F1191-AB61-4721-84AC-AF99D79CE4CE}.Unicode Debug|x64.Build.0 = Unicode Debug|x64
		{9B2F1191-AB61-4721-84AC-AF99D79CE4CE}.Unicode DebugStaticLib|Win32.ActiveCfg = Unicode DebugStaticLib|Win32
		{9B2F1191-AB61-4721-84AC-AF99D79CE4CE}.Unicode DebugStaticLib|Win32.Build.0 = Unicode DebugStaticLib|Win32
		{9B2F1191-AB61-4721-84AC-AF99D79CE4CE}.Unicode DebugStaticLib|x64.ActiveCfg = Unicode DebugStaticLib|x64
		{9B2F1191-AB61-4721-84AC-AF99D79CE4CE}.Unicode DebugStaticLib|x64.Build.0 = Unicode DebugStaticLib|x64
		{9B2F1191-AB61-4721-84AC-AF99D79CE4CE}.Unicode Release DebugRender|Win32.ActiveCfg = Unicode Release DebugRender|Win32
		{9B2F1191-AB61-4721-84AC-AF99D79CE4CE}.Unicode Release DebugRender|Win32.Build.0 = Unicode Release DebugRender|Win32
		{9B2F1191-AB61-4721-84AC-AF99D79CE4CE}.Unicode Release DebugRender|x64.ActiveCfg = Unicode Release DebugRender|x64
		{9B2F1191-AB61-4721-84AC-AF99D79CE4CE}.Unicode Release DebugRender|x64.Build.0 = Unicode Release DebugRender|x64
		{9B2F1191-AB61-4721-84AC-AF99D79CE4CE}.Unicode Release|Win32.ActiveCfg = Unicode Release|Win32
		{9B2F1191-AB61-4721-84AC-AF99D79CE4CE}.Unicode Release|Win32.Build.0 = Unicode Release|Win32
		{9B2F1191-AB61-4721-84AC-AF99D79CE4CE}.Unicode Release|x64.ActiveCfg = Unicode Release|x64
		{9B2F1191-AB61-4721-84AC-AF99D79CE4CE}.Unicode Release|x64.Build.0 = Unicode Release|x64
		{9B2F1191-AB61-4721-84AC-AF99D79CE4CE}.Unicode ReleaseStaticLib DebugRender|Win32.ActiveCfg = Unicode ReleaseStaticLib DebugRender|Win32
		{9B2F1191-AB61-4721-84AC-AF99D79CE4CE}.Unicode ReleaseStaticLib DebugRender|Win32.Build.0 = Unicode ReleaseStaticLib DebugRender|Win32
		{9B2F1191-AB61-4721-84AC-AF99D79CE4CE}.Unicode ReleaseStaticLib DebugRender|x64.ActiveCfg = Unicode ReleaseStaticLib DebugRender|x64
		{9B2F1191-AB61-4721-84AC-AF99D79CE4CE}.Unicode ReleaseStaticLib DebugRender|x64.Build.0 = Unicode ReleaseStaticLib DebugRender|x64
		{9B2F1191-AB61-4721-84AC-AF99D79CE4CE}.Unicode ReleaseStaticLib|Win32.ActiveCfg = Unicode ReleaseStaticLib|Win32
		{9B2F1191-AB61-4721-84AC-AF99D79CE4CE}.Unicode ReleaseStaticLib|Win32.Build.0 = Unicode ReleaseStaticLib|Win32
		{9B2F1191-AB61-4721-84AC-AF99D79CE4CE}.Unicode ReleaseStaticLib|x64.ActiveCfg = Unicode ReleaseStaticLib|x64
		{9B2F1191-AB61-4721-84AC-AF99D79CE4CE}.Unicode ReleaseStaticLib|x64.Build.0 = Unicode ReleaseStaticLib|x64
		{A41931A8-5572-43DE-945A-F9B309913B44}.Debug|Win32.ActiveCfg = Debug|Win32
		{A41931A8-5572-43DE-945A-F9B309913B44}.Debug|Win32.Build.0 = Debug|Win32
		{A41931A8-5572-43DE-945A-F9B309913B44}.Debug|x64.ActiveCfg = Debug|Win32
		{A41931A8-5572-43DE-945A-F9B309913B44}.DebugStaticLib|Win32.ActiveCfg = DebugStaticLib|Win32
		{A41931A8-5572-43DE-945A-F9B309913B44}.DebugStaticLib|Win32.Build.0 = DebugStaticLib|Win32
		{A41931A8-5572-43DE-945A-F9B309913B44}.DebugStaticLib|x64.ActiveCfg = DebugStaticLib|Win32
		{A41931A8-5572-43DE-945A-F9B309913B44}.Release DebugRender|Win32.ActiveCfg = Release DebugRender|Win32
		{A41931A8-5572-43DE-945A-F9B309913B44}.Release DebugRender|Win32.Build.0 = Release DebugRender|Win32
		{A41931A8-5572-43DE-945A-F9B309913B44}.Release DebugRender|x64.ActiveCfg = Release DebugRender|Win32
		{A41931A8-5572-43DE-945A-F9B309913B44}.Release|Win32.ActiveCfg = Release|Win32
		{A41931A8-5572-43DE-945A-F9B309913B44}.Release|Win32.Build.0 = Release|Win32
		{A41931A8-5572-43DE-945A-F9B309913B44}.Release|x64.ActiveCfg = Release|Win32
		{A41931A8-5572-43DE-945A-F9B309913B44}.ReleaseStaticLib DebugRender|Win32.ActiveCfg = ReleaseStaticLib DebugRender|Win32
		{A41931A8-5572-43DE-945A-F9B309913B44}.ReleaseStaticLib DebugRender|Win32.Build.0 = ReleaseStaticLib DebugRender|Win32
		{A41931A8-5572-43DE-945A-F9B309913B44}.ReleaseStaticLib DebugRender|x64.ActiveCfg = ReleaseStaticLib DebugRender|Win32
		{A41931A8-5572-43DE-945A-F9B309913B44}.ReleaseStaticLib|Win32.ActiveCfg = ReleaseStaticLib|Win32
		{A41931A8-5572-43DE-945A-F9B309913B44}.ReleaseStaticLib|Win32.Build.0 = ReleaseStaticLib|Win32
		{A41931A8-5572-43DE-945A-F9B309913B44}.ReleaseStaticLib|x64.ActiveCfg = ReleaseStaticLib|Win32
		{A41931A8-5572-43DE-945A-F9B309913B44}.Unicode Debug|Win32.ActiveCfg = Unicode Debug|Win32
		{A41931A8-5572-43DE-945A-F9B309913B44}.Unicode Debug|Win32.Build.0 = Unicode Debug|Win32
		{A41931A8-5572-43DE-945A-F9B309913B44}.Unicode Debug|x64.ActiveCfg = Unicode Debug|Win32
		{A41931A8-5572-43DE-945A-F9B309913B44}.Unicode DebugStaticLib|Win32.ActiveCfg = Unicode DebugStaticLib|Win32
		{A41931A8-5572-43DE-945A-F9B309913B44}.Unicode DebugStaticLib|Win32.Build.0 = Unicode DebugStaticLib|Win32
		{A41931A8-5572-43DE-945A-F9B309913B44}.Unicode DebugStaticLib|x64.ActiveCfg = Unicode DebugStaticLib|Win32
		{A41931A8-5572-43DE-945A-F9B309913B44}.Unicode Release DebugRender|Win32.ActiveCfg = Unicode Release DebugRender|Win32
		{A41931A8-5572-43DE-945A-F9B309913B44}.Unicode Release DebugRender|Win32.Build.0 = Unicode Release DebugRender|Win32
		{A41931A8-5572-43DE-945A-F9B309913B44}.Unicode Release DebugRender|x64.ActiveCfg = Unicode Release DebugRender|Win32
		{A41931A8-5572-43DE-945A-F9B309913B44}.Unicode Release|Win32.ActiveCfg = Unicode Release|Win32
		{A41931A8-5572-43DE-945A-F9B309913B44}.Unicode Release|Win32.Build.0 = Unicode Release|Win32
		{A41931A8-5572-43DE-945A-F9B309913B44}.Unicode Release|x64.ActiveCfg = Unicode Release|Win32
		{A41931A8-5572-43DE-945A-F9B309913B44}.Unicode ReleaseStaticLib DebugRender|Win32.ActiveCfg = Unicode ReleaseStaticLib DebugRender|Win32
		{A41931A8-5572-43DE-945A-F9B309913B44}.Unicode ReleaseStaticLib DebugRender|Win32.Build.0 = Unicode ReleaseStaticLib DebugRender|Win32
		{A41931A8-5572-43DE-945A-F9B309913B44}.Unicode ReleaseStaticLib DebugRender|x64.ActiveCfg = Unicode ReleaseStaticLib DebugRender|Win32
		{A41931A8-5572-43DE-945A-F9B309913B44}.Unicode ReleaseStaticLib|Win32.ActiveCfg = Unicode ReleaseStaticLib|Win32
		{A41931A8-5572-43DE-945A-F9B309913B44}.Unicode ReleaseStaticLib|Win32.Build.0 = Unicode ReleaseStaticLib|Win32
		{A41931A8-5572-43DE-945A-F9B309913B44}.Unicode ReleaseStaticLib|x64.ActiveCfg = Unicode ReleaseStaticLib|Win32
		{F7CF06FB-0908-4048-986D-A54889DCD6A8}.Debug|Win32.ActiveCfg = Debug|Win32
		{F7CF06FB-0908-4048-986D-A54889DCD6A8}.Debug|Win32.Build.0 = Debug|Win32
		{F7CF06FB-0908-4048-986D-A54889DCD6A8}.Debug|x64.ActiveCfg = Debug|Win32
		{F7CF06FB-0908-4048-986D-A54889DCD6A8}.DebugStaticLib|Win32.ActiveCfg = Debug|Win32
		{F7CF06FB-0908-4048-986D-A54889DCD6A8}.DebugStaticLib|Win32.Build.0 = Debug|Win32
		{F7CF06FB-0908-4048-986D-A54889DCD6A8}.DebugStaticLib|x64.ActiveCfg = Debug|Win32
		{F7CF06FB-0908-4048-986D-A54889DCD6A8}.Release DebugRender|Win32.ActiveCfg = Release|Win32
		{F7CF06FB-0908-4048-986D-A54889DCD6A8}.Release DebugRender|Win32.Build.0 = Release|Win32
		{F7CF06FB-0908-4048-986D-A54889DCD6A8}.Release DebugRender|x64.ActiveCfg = Release DebugRender|Win32
		{F7CF06FB-0908-4048-986D-A54889DCD6A8}.Release|Win32.ActiveCfg = Release|Win32
		{F7CF06FB-0908-4048-986D-A54889DCD6A8}.Release|Win32.Build.0 = Release|Win32
		{F7CF06FB-0908-4048-986D-A54889DCD6A8}.Release|x64.ActiveCfg = Release|Win32
		{F7CF06FB-0908-4048-986D-A54889DCD6A8}.ReleaseStaticLib DebugRender|Win32.ActiveCfg = Release|Win32
		{F7CF06FB-0908-4048-986D-A54889DCD6A8}.ReleaseStaticLib DebugRender|Win32.Build.0 = Release|Win32
		{F7CF06FB-0908-4048-986D-A54889DCD6A8}.ReleaseStaticLib DebugRender|x64.ActiveCfg = ReleaseStaticLib DebugRender|Win32
		{F7CF06FB-0908-4048-986D-A54889DCD6A8}.ReleaseStaticLib|Win32.ActiveCfg = Release|Win32
		{F7CF06FB-0908-4048-986D-A54889DCD6A8}.ReleaseStaticLib|Win32.Build.0 = Release|Win32
		{F7CF06FB-0908-4048-986D-A54889DCD6A8}.ReleaseStaticLib|x64.ActiveCfg = ReleaseStaticLib DebugRender|Win32
		{F7CF06FB-0908-4048-986D-A54889DCD6A8}.Unicode Debug|Win32.ActiveCfg = Unicode Debug|Win32
		{F7CF06FB-0908-4048-986D-A54889DCD6A8}.Unicode Debug|Win32.Build.0 = Unicode Debug|Win32
		{F7CF06FB-0908-4048-986D-A54889DCD6A8}.Unicode Debug|x64.ActiveCfg = Unicode Debug|Win32
		{F7CF06FB-0908-4048-986D-A54889DCD6A8}.Unicode DebugStaticLib|Win32.ActiveCfg = Unicode Debug|Win32
		{F7CF06FB-0908-4048-986D-A54889DCD6A8}.Unicode DebugStaticLib|Win32.Build.0 = Unicode Debug|Win32
		{F7CF06FB-0908-4048-986D-A54889DCD6A8}.Unicode DebugStaticLib|x64.ActiveCfg = Unicode Debug|Win32
		{F7CF06FB-0908-4048-986D-A54889DCD6A8}.Unicode Release DebugRender|Win32.ActiveCfg = Unicode Release|Win32
		{F7CF06FB-0908-4048-986D-A54889DCD6A8}.Unicode Release DebugRender|Win32.Build.0 = Unicode Release|Win32
		{F7CF06FB-0908-4048-986D-A54889DCD6A8}.Unicode Release DebugRender|x64.ActiveCfg = Unicode Release DebugRender|Win32
		{F7CF06FB-0908-4048-986D-A54889DCD6A8}.Unicode Release|Win32.ActiveCfg = Unicode Release|Win32
		{F7CF06FB-0908-4048-986D-A54889DCD6A8}.Unicode Release|Win32.Build.0 = Unicode Release|Win32
		{F7CF06FB-0908-4048-986D-A54889DCD6A8}.Unicode Release|x64.ActiveCfg = Unicode Release|Win32
		{F7CF06FB-0908-4048-986D-A54889DCD6A8}.Unicode ReleaseStaticLib DebugRender|Win32.ActiveCfg = Unicode Release|Win32
		{F7CF06FB-0908-4048-986D-A54889DCD6A8}.Unicode ReleaseStaticLib DebugRender|Win32.Build.0 = Unicode Release|Win32
		{F7CF06FB-0908-4048-986D-A54889DCD6A8}.Unicode ReleaseStaticLib DebugRender|x64.ActiveCfg = Unicode ReleaseStaticLib DebugRender|Win32
		{F7CF06FB-0908-4048-986D-A54889DCD6A8}.Unicode ReleaseStaticLib|Win32.ActiveCfg = Unicode Release|Win32
		{F7CF06FB-0908-4048-986D-A54889DCD6A8}.Unicode ReleaseStaticLib|Win32.Build.0 = Unicode Release|Win32
		{F7CF06FB-0908-4048-986D-A54889DCD6A8}.Unicode ReleaseStaticLib|x64.ActiveCfg = Unicode ReleaseStaticLib DebugRender|Win32
		{F012A6E5-1DEA-438A-B04D-8270630E72E3}.Debug|Win32.ActiveCfg = Debug|Win32
		{F012A6E5-1DEA-438A-B04D-8270630E72E3}.Debug|Win32.Build.0 = Debug|Win32
		{F012A6E5-1DEA-438A-B04D-8270630E72E3}.Debug|x64.ActiveCfg = Debug|x64
		{F012A6E5-1DEA-438A-B04D-8270630E72E3}.Debug|x64.Build.0 = Debug|x64
		{F012A6E5-1DEA-438A-B04D-8270630E72E3}.DebugStaticLib|Win32.ActiveCfg = Debug|Win32
		{F012A6E5-1DEA-438A-B04D-8270630E72E3}.DebugStaticLib|Win32.Build.0 = Debug|Win32
		{F012A6E5-1DEA-438A-B04D-8270630E72E3}.DebugStaticLib|x64.ActiveCfg = Debug|x64
		{F012A6E5-1DEA-438A-B04D-8270630E72E3}.DebugStaticLib|x64.Build.0 = Debug|x64
		{F012A6E5-1DEA-438A-B04D-8270630E72E3}.Release DebugRender|Win32.ActiveCfg = Release|Win32
		{F012A6E5-1DEA-438A-B04D-8270630E72E3}.Release DebugRender|Win32.Build.0 = Release|Win32
		{F012A6E5-1DEA-438A-B04D-8270630E72E3}.Release DebugRender|x64.ActiveCfg = Release DebugRender|x64
		{F012A6E5-1DEA-438A-B04D-8270630E72E3}.Release DebugRender|x64.Build.0 = Release DebugRender|x64
		{F012A6E5-1DEA-438A-B04D-8270630E72E3}.Release|Win32.ActiveCfg = Release|Win32
		{F012A6E5-1DEA-438A-B04D-8270630E72E3}.Release|Win32.Build.0 = Release|Win32
		{F012A6E5-1DEA-438A-B04D-8270630E72E3}.Release|x64.ActiveCfg = Release|x64
		{F012A6E5-1DEA-438A-B04D-8270630E72E3}.Release|x64.Build.0 = Release|x64
		{F012A6E5-1DEA-438A-B04D-8270630E72E3}.ReleaseStaticLib DebugRender|Win32.ActiveCfg = Release|Win32
		{F012A6E5-1DEA-438A-B04D-8270630E72E3}.ReleaseStaticLib DebugRender|Win32.Build.0 = Release|Win32
		{F012A6E5-1DEA-438A-B04D-8270630E72E3}.ReleaseStaticLib DebugRender|x64.ActiveCfg = ReleaseStaticLib DebugRender|x64
		{F012A6E5-1DEA-438A-B04D-8270630E72E3}.ReleaseStaticLib DebugRender|x64.Build.0 = ReleaseStaticLib DebugRender|x64
		{F012A6E5-1DEA-438A-B04D-8270630E72E3}.ReleaseStaticLib|Win32.ActiveCfg = Release|Win32
		{F012A6E5-1DEA-438A-B04D-8270630E72E3}.ReleaseStaticLib|Win32.Build.0 = Release|Win32
		{F012A6E5-1DEA-438A-B04D-8270630E72E3}.ReleaseStaticLib|x64.ActiveCfg = ReleaseStaticLib DebugRender|x64
		{F012A6E5-1DEA-438A-B04D-8270630E72E3}.ReleaseStaticLib|x64.Build.0 = ReleaseStaticLib DebugRender|x64
		{F012A6E5-1DEA-438A-B04D-8270630E72E3}.Unicode Debug|Win32.ActiveCfg = Debug|Win32
		{F012A6E5-1DEA-438A-B04D-8270630E72E3}.Unicode Debug|Win32.Build.0 = Debug|Win32
		{F012A6E5-1DEA-438A-B04D-8270630E72E3}.Unicode Debug|x64.ActiveCfg = Debug|x64
		{F012A6E5-1DEA-438A-B04D-8270630E72E3}.Unicode Debug|x64.Build.0 = Debug|x64
		{F012A6E5-1DEA-438A-B04D-8270630E72E3}.Unicode DebugStaticLib|Win32.ActiveCfg = Debug|Win32
		{F012A6E5-1DEA-438A-B04D-8270630E72E3}.Unicode DebugStaticLib|Win32.Build.0 = Debug|Win32
		{F012A6E5-1DEA-438A-B04D-8270630E72E3}.Unicode DebugStaticLib|x64.ActiveCfg = Unicode ReleaseStaticLib DebugRender|x64
		{F012A6E5-1DEA-438A-B04D-8270630E72E3}.Unicode DebugStaticLib|x64.Build.0 = Unicode ReleaseStaticLib DebugRender|x64
		{F012A6E5-1DEA-438A-B04D-8270630E72E3}.Unicode Release DebugRender|Win32.ActiveCfg = Release|Win32
		{F012A6E5-1DEA-438A-B04D-8270630E72E3}.Unicode Release DebugRender|Win32.Build.0 = Release|Win32
		{F012A6E5-1DEA-438A-B04D-8270630E72E3}.Unicode Release DebugRender|x64.ActiveCfg = Unicode Release DebugRender|x64
		{F012A6E5-1DEA-438A-B04D-8270630E72E3}.Unicode Release DebugRender|x64.Build.0 = Unicode Release DebugRender|x64
		{F012A6E5-1DEA-438A-B04D-8270630E72E3}.Unicode Release|Win32.ActiveCfg = Release|Win32
		{F012A6E5-1DEA-438A-B04D-8270630E72E3}.Unicode Release|Win32.Build.0 = Release|Win32
		{F012A6E5-1DEA-438A-B04D-8270630E72E3}.Unicode Release|x64.ActiveCfg = Unicode ReleaseStaticLib DebugRender|x64
		{F012A6E5-1DEA-438A-B04D-8270630E72E3}.Unicode Release|x64.Build.0 = Unicode ReleaseStaticLib DebugRender|x64
		{F012A6E5-1DEA-438A-B04D-8270630E72E3}.Unicode ReleaseStaticLib DebugRender|Win32.ActiveCfg = Release|Win32
		{F012A6E5-1DEA-438A-B04D-8270630E72E3}.Unicode ReleaseStaticLib DebugRender|Win32.Build.0 = Release|Win32
		{F012A6E5-1DEA-438A-B04D-8270630E72E3}.Unicode ReleaseStaticLib DebugRender|x64.ActiveCfg = Unicode ReleaseStaticLib DebugRender|x64
		{F012A6E5-1DEA-438A-B04D-8270630E72E3}.Unicode ReleaseStaticLib DebugRender|x64.Build.0 = Unicode ReleaseStaticLib DebugRender|x64
		{F012A6E5-1DEA-438A-B04D-8270630E72E3}.Unicode ReleaseStaticLib|Win32.ActiveCfg = Release|Win32
		{F012A6E5-1DEA-438A-B04D-8270630E72E3}.Unicode ReleaseStaticLib|Win32.Build.0 = Release|Win32
		{F012A6E5-1DEA-438A-B04D-8270630E72E3}.Unicode ReleaseStaticLib|x64.ActiveCfg = Unicode ReleaseStaticLib DebugRender|x64
		{F012A6E5-1DEA-438A-B04D-8270630E72E3}.Unicode ReleaseStaticLib|x64.Build.0 = Unicode ReleaseStaticLib DebugRender|x64
	EndGlobalSection
	GlobalSection(SolutionProperties) = preSolution
		HideSolutionNode = FALSE
	EndGlobalSection
EndGlobal
